
Microsoft Visual Studio Solution File, Format Version 12.00
# Visual Studio Version 17
VisualStudioVersion = 17.3.32929.385
MinimumVisualStudioVersion = 10.0.40219.1
Project("{FAE04EC0-301F-11D3-BF4B-00C04F79EFBC}") = "SoftUni", "SoftUni\SoftUni.csproj", "{EE0EC2C2-447F-48D0-9901-F88790B40560}"
EndProject
Global
	GlobalSection(SolutionConfigurationPlatforms) = preSolution
		Debug|Any CPU = Debug|Any CPU
		Release|Any CPU = Release|Any CPU
	EndGlobalSection
	GlobalSection(ProjectConfigurationPlatforms) = postSolution
		{EE0EC2C2-447F-48D0-9901-F88790B40560}.Debug|Any CPU.ActiveCfg = Debug|Any CPU
		{EE0EC2C2-447F-48D0-9901-F88790B40560}.Debug|Any CPU.Build.0 = Debug|Any CPU
		{EE0EC2C2-447F-48D0-9901-F88790B40560}.Release|Any CPU.ActiveCfg = Release|Any CPU
		{EE0EC2C2-447F-48D0-9901-F88790B40560}.Release|Any CPU.Build.0 = Release|Any CPU
	EndGlobalSection
	GlobalSection(SolutionProperties) = preSolution
		HideSolutionNode = FALSE
	EndGlobalSection
	GlobalSection(ExtensibilityGlobals) = postSolution
		SolutionGuid = {224CE26D-1F43-4AE9-B49D-DDD139A806E4}
	EndGlobalSection
EndGlobal
